
Microsoft Visual Studio Solution File, Format Version 12.00
# Visual Studio 15
VisualStudioVersion = 15.0.27130.2036
MinimumVisualStudioVersion = 10.0.40219.1
Project("{FAE04EC0-301F-11D3-BF4B-00C04F79EFBC}") = "BankTests", "BankTests\BankTests.csproj", "{230F7291-2E39-47BA-8891-487216B07B93}"
EndProject
Project("{FAE04EC0-301F-11D3-BF4B-00C04F79EFBC}") = "BankCore", "BankCore\BankCore.csproj", "{C59841F3-A2EE-4D73-8EBD-609458008F5B}"
EndProject
Project("{FAE04EC0-301F-11D3-BF4B-00C04F79EFBC}") = "BankWebApi", "BankWebApi\BankWebApi.csproj", "{B5580FF9-F0E9-4CD0-8FF9-3DB9A1F48487}"
EndProject
Project("{2150E333-8FDC-42A3-9474-1A3956D46DE8}") = "Test", "Test", "{DFBF6EE1-A121-4B87-97C8-AADFC04D82F9}"
EndProject
Global
	GlobalSection(SolutionConfigurationPlatforms) = preSolution
		Debug|Any CPU = Debug|Any CPU
		Release|Any CPU = Release|Any CPU
	EndGlobalSection
	GlobalSection(ProjectConfigurationPlatforms) = postSolution
		{230F7291-2E39-47BA-8891-487216B07B93}.Debug|Any CPU.ActiveCfg = Debug|Any CPU
		{230F7291-2E39-47BA-8891-487216B07B93}.Debug|Any CPU.Build.0 = Debug|Any CPU
		{230F7291-2E39-47BA-8891-487216B07B93}.Release|Any CPU.ActiveCfg = Release|Any CPU
		{230F7291-2E39-47BA-8891-487216B07B93}.Release|Any CPU.Build.0 = Release|Any CPU
		{C59841F3-A2EE-4D73-8EBD-609458008F5B}.Debug|Any CPU.ActiveCfg = Debug|Any CPU
		{C59841F3-A2EE-4D73-8EBD-609458008F5B}.Debug|Any CPU.Build.0 = Debug|Any CPU
		{C59841F3-A2EE-4D73-8EBD-609458008F5B}.Release|Any CPU.ActiveCfg = Release|Any CPU
		{C59841F3-A2EE-4D73-8EBD-609458008F5B}.Release|Any CPU.Build.0 = Release|Any CPU
		{B5580FF9-F0E9-4CD0-8FF9-3DB9A1F48487}.Debug|Any CPU.ActiveCfg = Debug|Any CPU
		{B5580FF9-F0E9-4CD0-8FF9-3DB9A1F48487}.Debug|Any CPU.Build.0 = Debug|Any CPU
		{B5580FF9-F0E9-4CD0-8FF9-3DB9A1F48487}.Release|Any CPU.ActiveCfg = Release|Any CPU
		{B5580FF9-F0E9-4CD0-8FF9-3DB9A1F48487}.Release|Any CPU.Build.0 = Release|Any CPU
	EndGlobalSection
	GlobalSection(SolutionProperties) = preSolution
		HideSolutionNode = FALSE
	EndGlobalSection
	GlobalSection(NestedProjects) = preSolution
		{230F7291-2E39-47BA-8891-487216B07B93} = {DFBF6EE1-A121-4B87-97C8-AADFC04D82F9}
	EndGlobalSection
	GlobalSection(ExtensibilityGlobals) = postSolution
		SolutionGuid = {A8DF976E-3D81-473F-8451-D29EF41306CF}
	EndGlobalSection
EndGlobal
